
Microsoft Visual Studio Solution File, Format Version 12.00
# Visual Studio Version 16
VisualStudioVersion = 16.0.30717.126
MinimumVisualStudioVersion = 10.0.40219.1
Project("{FAE04EC0-301F-11D3-BF4B-00C04F79EFBC}") = "DatingApp.Api", "DatingApp.Api.csproj", "{0FDD4A44-1CDB-4CDF-A71B-23DB2AF8A71B}"
EndProject
Global
	GlobalSection(SolutionConfigurationPlatforms) = preSolution
		Debug|Any CPU = Debug|Any CPU
		Release|Any CPU = Release|Any CPU
	EndGlobalSection
	GlobalSection(ProjectConfigurationPlatforms) = postSolution
		{0FDD4A44-1CDB-4CDF-A71B-23DB2AF8A71B}.Debug|Any CPU.ActiveCfg = Debug|Any CPU
		{0FDD4A44-1CDB-4CDF-A71B-23DB2AF8A71B}.Debug|Any CPU.Build.0 = Debug|Any CPU
		{0FDD4A44-1CDB-4CDF-A71B-23DB2AF8A71B}.Release|Any CPU.ActiveCfg = Release|Any CPU
		{0FDD4A44-1CDB-4CDF-A71B-23DB2AF8A71B}.Release|Any CPU.Build.0 = Release|Any CPU
	EndGlobalSection
	GlobalSection(SolutionProperties) = preSolution
		HideSolutionNode = FALSE
	EndGlobalSection
	GlobalSection(ExtensibilityGlobals) = postSolution
		SolutionGuid = {249BA505-6694-4E6C-B815-62A738496727}
	EndGlobalSection
EndGlobal
